# This file was autogenerated by uv via the following command:
#    uv pip compile pyproject.toml --extra test --output-file tests/uv.lock
annotated-types==0.7.0
    # via pydantic
argon2-cffi==23.1.0
    # via hololinked (pyproject.toml)
argon2-cffi-bindings==21.2.0
    # via argon2-cffi
attrs==25.3.0
    # via
    #   jsonschema
    #   referencing
certifi==2025.1.31
    # via requests
cffi==1.17.1
    # via argon2-cffi-bindings
charset-normalizer==3.4.1
    # via requests
greenlet==3.1.1
    # via sqlalchemy
idna==3.10
    # via requests
ifaddr==0.2.0
    # via hololinked (pyproject.toml)
jsonschema==4.23.0
    # via hololinked (pyproject.toml)
jsonschema-specifications==2024.10.1
    # via jsonschema
msgspec==0.19.0
    # via hololinked (pyproject.toml)
numpy==2.2.4
    # via hololinked (pyproject.toml)
pycparser==2.22
    # via cffi
pydantic==2.11.3
    # via hololinked (pyproject.toml)
pydantic-core==2.33.1
    # via pydantic
pyzmq==26.4.0
    # via hololinked (pyproject.toml)
referencing==0.36.2
    # via
    #   jsonschema
    #   jsonschema-specifications
requests==2.32.3
    # via hololinked (pyproject.toml)
rpds-py==0.24.0
    # via
    #   jsonschema
    #   referencing
sqlalchemy==2.0.40
    # via
    #   hololinked (pyproject.toml)
    #   sqlalchemy-utils
sqlalchemy-utils==0.41.2
    # via hololinked (pyproject.toml)
tornado==6.4.2
    # via hololinked (pyproject.toml)
typing-extensions==4.13.2
    # via
    #   pydantic
    #   pydantic-core
    #   referencing
    #   sqlalchemy
    #   typing-inspection
typing-inspection==0.4.0
    # via pydantic
urllib3==2.4.0
    # via requests
